
Microsoft Visual Studio Solution File, Format Version 12.00
# Visual Studio Version 17
VisualStudioVersion = 17.7.34031.279
MinimumVisualStudioVersion = 10.0.40219.1
Project("{FAE04EC0-301F-11D3-BF4B-00C04F79EFBC}") = "UUM_Hytroc", "UUM_Hytroc\UUM_Hytroc.csproj", "{6E75B99B-3A8E-4CC6-A200-E4AE5D9D20E9}"
EndProject
Global
	GlobalSection(SolutionConfigurationPlatforms) = preSolution
		Debug|Any CPU = Debug|Any CPU
		Release|Any CPU = Release|Any CPU
	EndGlobalSection
	GlobalSection(ProjectConfigurationPlatforms) = postSolution
		{6E75B99B-3A8E-4CC6-A200-E4AE5D9D20E9}.Debug|Any CPU.ActiveCfg = Debug|Any CPU
		{6E75B99B-3A8E-4CC6-A200-E4AE5D9D20E9}.Debug|Any CPU.Build.0 = Debug|Any CPU
		{6E75B99B-3A8E-4CC6-A200-E4AE5D9D20E9}.Release|Any CPU.ActiveCfg = Release|Any CPU
		{6E75B99B-3A8E-4CC6-A200-E4AE5D9D20E9}.Release|Any CPU.Build.0 = Release|Any CPU
	EndGlobalSection
	GlobalSection(SolutionProperties) = preSolution
		HideSolutionNode = FALSE
	EndGlobalSection
	GlobalSection(ExtensibilityGlobals) = postSolution
		SolutionGuid = {959110AD-F15F-49C4-8473-737680D79283}
	EndGlobalSection
EndGlobal
